
Microsoft Visual Studio Solution File, Format Version 12.00
# Visual Studio Version 17
VisualStudioVersion = 17.5.33414.496
MinimumVisualStudioVersion = 10.0.40219.1
Project("{FAE04EC0-301F-11D3-BF4B-00C04F79EFBC}") = "AoC2025", "AoC2025.csproj", "{67DB3F56-EE3F-4D59-A33D-4558D5D823EB}"
EndProject
Project("{FAE04EC0-301F-11D3-BF4B-00C04F79EFBC}") = "Examples", "..\Examples\Examples.csproj", "{29D3C1C8-42D0-4AB2-85B7-010EB933C010}"
EndProject
Global
	GlobalSection(SolutionConfigurationPlatforms) = preSolution
		Debug|Any CPU = Debug|Any CPU
		Release|Any CPU = Release|Any CPU
	EndGlobalSection
	GlobalSection(ProjectConfigurationPlatforms) = postSolution
		{67DB3F56-EE3F-4D59-A33D-4558D5D823EB}.Debug|Any CPU.ActiveCfg = Debug|Any CPU
		{67DB3F56-EE3F-4D59-A33D-4558D5D823EB}.Debug|Any CPU.Build.0 = Debug|Any CPU
		{67DB3F56-EE3F-4D59-A33D-4558D5D823EB}.Release|Any CPU.ActiveCfg = Release|Any CPU
		{67DB3F56-EE3F-4D59-A33D-4558D5D823EB}.Release|Any CPU.Build.0 = Release|Any CPU
		{29D3C1C8-42D0-4AB2-85B7-010EB933C010}.Debug|Any CPU.ActiveCfg = Debug|Any CPU
		{29D3C1C8-42D0-4AB2-85B7-010EB933C010}.Debug|Any CPU.Build.0 = Debug|Any CPU
		{29D3C1C8-42D0-4AB2-85B7-010EB933C010}.Release|Any CPU.ActiveCfg = Release|Any CPU
		{29D3C1C8-42D0-4AB2-85B7-010EB933C010}.Release|Any CPU.Build.0 = Release|Any CPU
	EndGlobalSection
	GlobalSection(SolutionProperties) = preSolution
		HideSolutionNode = FALSE
	EndGlobalSection
	GlobalSection(ExtensibilityGlobals) = postSolution
		SolutionGuid = {301C5E11-6421-45B4-B8E9-472ECFC9CF52}
	EndGlobalSection
EndGlobal
